
Microsoft Visual Studio Solution File, Format Version 12.00
# Visual Studio Version 17
VisualStudioVersion = 17.9.34728.123
MinimumVisualStudioVersion = 10.0.40219.1
Project("{9A19103F-16F7-4668-BE54-9A1E7A4F7556}") = "ConsoleApp5", "ConsoleApp5.csproj", "{685C647E-EA7A-45C9-B9F1-9ABBB3C587B3}"
EndProject
Project("{FAE04EC0-301F-11D3-BF4B-00C04F79EFBC}") = "lib_baitoan", "..\lib_baitoan\lib_baitoan.csproj", "{9FF881C1-5784-41A6-862E-DC41C33492FE}"
EndProject
Project("{FAE04EC0-301F-11D3-BF4B-00C04F79EFBC}") = "ConsoleApp6", "..\ConsoleApp6\ConsoleApp6.csproj", "{F6C674EF-3677-48C6-98AF-F3B3191176FC}"
EndProject
Project("{FAE04EC0-301F-11D3-BF4B-00C04F79EFBC}") = "WebApplication1", "..\WebApplication1\WebApplication1.csproj", "{76324280-5EB9-4D2C-A85A-A67F63B4D8A8}"
EndProject
Global
	GlobalSection(SolutionConfigurationPlatforms) = preSolution
		Debug|Any CPU = Debug|Any CPU
		Release|Any CPU = Release|Any CPU
	EndGlobalSection
	GlobalSection(ProjectConfigurationPlatforms) = postSolution
		{685C647E-EA7A-45C9-B9F1-9ABBB3C587B3}.Debug|Any CPU.ActiveCfg = Debug|Any CPU
		{685C647E-EA7A-45C9-B9F1-9ABBB3C587B3}.Debug|Any CPU.Build.0 = Debug|Any CPU
		{685C647E-EA7A-45C9-B9F1-9ABBB3C587B3}.Release|Any CPU.ActiveCfg = Release|Any CPU
		{685C647E-EA7A-45C9-B9F1-9ABBB3C587B3}.Release|Any CPU.Build.0 = Release|Any CPU
		{9FF881C1-5784-41A6-862E-DC41C33492FE}.Debug|Any CPU.ActiveCfg = Debug|Any CPU
		{9FF881C1-5784-41A6-862E-DC41C33492FE}.Debug|Any CPU.Build.0 = Debug|Any CPU
		{9FF881C1-5784-41A6-862E-DC41C33492FE}.Release|Any CPU.ActiveCfg = Release|Any CPU
		{9FF881C1-5784-41A6-862E-DC41C33492FE}.Release|Any CPU.Build.0 = Release|Any CPU
		{F6C674EF-3677-48C6-98AF-F3B3191176FC}.Debug|Any CPU.ActiveCfg = Debug|Any CPU
		{F6C674EF-3677-48C6-98AF-F3B3191176FC}.Debug|Any CPU.Build.0 = Debug|Any CPU
		{F6C674EF-3677-48C6-98AF-F3B3191176FC}.Release|Any CPU.ActiveCfg = Release|Any CPU
		{F6C674EF-3677-48C6-98AF-F3B3191176FC}.Release|Any CPU.Build.0 = Release|Any CPU
		{76324280-5EB9-4D2C-A85A-A67F63B4D8A8}.Debug|Any CPU.ActiveCfg = Debug|Any CPU
		{76324280-5EB9-4D2C-A85A-A67F63B4D8A8}.Debug|Any CPU.Build.0 = Debug|Any CPU
		{76324280-5EB9-4D2C-A85A-A67F63B4D8A8}.Release|Any CPU.ActiveCfg = Release|Any CPU
		{76324280-5EB9-4D2C-A85A-A67F63B4D8A8}.Release|Any CPU.Build.0 = Release|Any CPU
	EndGlobalSection
	GlobalSection(SolutionProperties) = preSolution
		HideSolutionNode = FALSE
	EndGlobalSection
	GlobalSection(ExtensibilityGlobals) = postSolution
		SolutionGuid = {27119FB7-A909-468B-BD42-667DC6FC7D44}
	EndGlobalSection
EndGlobal
